
Microsoft Visual Studio Solution File, Format Version 12.00
# Visual Studio Version 17
VisualStudioVersion = 17.7.34031.279
MinimumVisualStudioVersion = 10.0.40219.1
Project("{FAE04EC0-301F-11D3-BF4B-00C04F79EFBC}") = "Api", "Api\Api.csproj", "{06F51BC3-4208-4C1B-99F2-733B31A52B35}"
EndProject
Project("{FAE04EC0-301F-11D3-BF4B-00C04F79EFBC}") = "BusinessLogic", "Business Logic\BusinessLogic.csproj", "{3B22B88F-3BA8-414C-B145-B4D425F27508}"
EndProject
Project("{FAE04EC0-301F-11D3-BF4B-00C04F79EFBC}") = "DataAccess", "DataAccess\DataAccess.csproj", "{31EF1B6F-DE0E-40D2-861B-EA1310E40D69}"
EndProject
Global
	GlobalSection(SolutionConfigurationPlatforms) = preSolution
		Debug|Any CPU = Debug|Any CPU
		Release|Any CPU = Release|Any CPU
	EndGlobalSection
	GlobalSection(ProjectConfigurationPlatforms) = postSolution
		{06F51BC3-4208-4C1B-99F2-733B31A52B35}.Debug|Any CPU.ActiveCfg = Debug|Any CPU
		{06F51BC3-4208-4C1B-99F2-733B31A52B35}.Debug|Any CPU.Build.0 = Debug|Any CPU
		{06F51BC3-4208-4C1B-99F2-733B31A52B35}.Release|Any CPU.ActiveCfg = Release|Any CPU
		{06F51BC3-4208-4C1B-99F2-733B31A52B35}.Release|Any CPU.Build.0 = Release|Any CPU
		{3B22B88F-3BA8-414C-B145-B4D425F27508}.Debug|Any CPU.ActiveCfg = Debug|Any CPU
		{3B22B88F-3BA8-414C-B145-B4D425F27508}.Debug|Any CPU.Build.0 = Debug|Any CPU
		{3B22B88F-3BA8-414C-B145-B4D425F27508}.Release|Any CPU.ActiveCfg = Release|Any CPU
		{3B22B88F-3BA8-414C-B145-B4D425F27508}.Release|Any CPU.Build.0 = Release|Any CPU
		{31EF1B6F-DE0E-40D2-861B-EA1310E40D69}.Debug|Any CPU.ActiveCfg = Debug|Any CPU
		{31EF1B6F-DE0E-40D2-861B-EA1310E40D69}.Debug|Any CPU.Build.0 = Debug|Any CPU
		{31EF1B6F-DE0E-40D2-861B-EA1310E40D69}.Release|Any CPU.ActiveCfg = Release|Any CPU
		{31EF1B6F-DE0E-40D2-861B-EA1310E40D69}.Release|Any CPU.Build.0 = Release|Any CPU
	EndGlobalSection
	GlobalSection(SolutionProperties) = preSolution
		HideSolutionNode = FALSE
	EndGlobalSection
	GlobalSection(ExtensibilityGlobals) = postSolution
		SolutionGuid = {292CB4DE-0677-426E-B541-DBF60AA4E4B7}
	EndGlobalSection
EndGlobal
